{
  "lockfileVersion": 1,
  "sources": {
    "sulhadin/agentbase": {
      "requestedRef": "v0.2.0",
      "resolvedRef": "d08050fe182cd90b66d030eeed4dad5262e88877",
      "resolvedAt": "2026-09-22T22:44:46.885Z",
      "skills": {
        "coding-standards": {
          "integrity": "sha256-9296426f61689a9365265ddee2c9e76741d15ae8948c1cc57ed13738162f451f"
        },
        "pr-conventions": {
          "integrity": "sha256-95c4f8f542880b731d89b92d21b0c12e626e6ceb06183bf4969861de9c56b197"
        }
      },
      "skillSelection": [
        "*"
      ]
    }
  }
}
